
Microsoft Visual Studio Solution File, Format Version 12.00
# Visual Studio 15
VisualStudioVersion = 15.0.28010.2003
MinimumVisualStudioVersion = 10.0.40219.1
Project("{FAE04EC0-301F-11D3-BF4B-00C04F79EFBC}") = "ECommerceShoppingCartMVC", "ECommerceShoppingCartMVC\ECommerceShoppingCartMVC.csproj", "{53D9E2BB-55A3-4699-A93B-78A1E49FE1F5}"
EndProject
Project("{FAE04EC0-301F-11D3-BF4B-00C04F79EFBC}") = "ECommerceShoppingCartMVC.Tests", "ECommerceShoppingCartMVC.Tests\ECommerceShoppingCartMVC.Tests.csproj", "{BE1F87EC-74C2-4BB8-A181-8AFD9CD3B450}"
EndProject
Global
	GlobalSection(SolutionConfigurationPlatforms) = preSolution
		Debug|Any CPU = Debug|Any CPU
		Release|Any CPU = Release|Any CPU
	EndGlobalSection
	GlobalSection(ProjectConfigurationPlatforms) = postSolution
		{53D9E2BB-55A3-4699-A93B-78A1E49FE1F5}.Debug|Any CPU.ActiveCfg = Debug|Any CPU
		{53D9E2BB-55A3-4699-A93B-78A1E49FE1F5}.Debug|Any CPU.Build.0 = Debug|Any CPU
		{53D9E2BB-55A3-4699-A93B-78A1E49FE1F5}.Release|Any CPU.ActiveCfg = Release|Any CPU
		{53D9E2BB-55A3-4699-A93B-78A1E49FE1F5}.Release|Any CPU.Build.0 = Release|Any CPU
		{BE1F87EC-74C2-4BB8-A181-8AFD9CD3B450}.Debug|Any CPU.ActiveCfg = Debug|Any CPU
		{BE1F87EC-74C2-4BB8-A181-8AFD9CD3B450}.Debug|Any CPU.Build.0 = Debug|Any CPU
		{BE1F87EC-74C2-4BB8-A181-8AFD9CD3B450}.Release|Any CPU.ActiveCfg = Release|Any CPU
		{BE1F87EC-74C2-4BB8-A181-8AFD9CD3B450}.Release|Any CPU.Build.0 = Release|Any CPU
	EndGlobalSection
	GlobalSection(SolutionProperties) = preSolution
		HideSolutionNode = FALSE
	EndGlobalSection
	GlobalSection(ExtensibilityGlobals) = postSolution
		SolutionGuid = {24B132E4-B3AF-4E64-AFBD-1B25A7B9D90A}
	EndGlobalSection
EndGlobal
