
Microsoft Visual Studio Solution File, Format Version 12.00
# Visual Studio Version 16
VisualStudioVersion = 16.0.30523.141
MinimumVisualStudioVersion = 10.0.40219.1
Project("{9A19103F-16F7-4668-BE54-9A1E7A4F7556}") = "ECommerceShoppingCartMVC.Web", "ECommerceShoppingCartMVC.Web\ECommerceShoppingCartMVC.Web.csproj", "{8D05746E-E30C-4FEA-94FB-7E62AE18718E}"
EndProject
Project("{FAE04EC0-301F-11D3-BF4B-00C04F79EFBC}") = "ECommerceShoppingCartMVC.Web.Tests", "ECommerceShoppingCartMVC.Web.Tests\ECommerceShoppingCartMVC.Web.Tests.csproj", "{1FC6C3FA-A739-4B23-ACB3-E8C82EA93260}"
EndProject
Global
	GlobalSection(SolutionConfigurationPlatforms) = preSolution
		Debug|Any CPU = Debug|Any CPU
		Release|Any CPU = Release|Any CPU
	EndGlobalSection
	GlobalSection(ProjectConfigurationPlatforms) = postSolution
		{8D05746E-E30C-4FEA-94FB-7E62AE18718E}.Debug|Any CPU.ActiveCfg = Debug|Any CPU
		{8D05746E-E30C-4FEA-94FB-7E62AE18718E}.Debug|Any CPU.Build.0 = Debug|Any CPU
		{8D05746E-E30C-4FEA-94FB-7E62AE18718E}.Release|Any CPU.ActiveCfg = Release|Any CPU
		{8D05746E-E30C-4FEA-94FB-7E62AE18718E}.Release|Any CPU.Build.0 = Release|Any CPU
		{1FC6C3FA-A739-4B23-ACB3-E8C82EA93260}.Debug|Any CPU.ActiveCfg = Debug|Any CPU
		{1FC6C3FA-A739-4B23-ACB3-E8C82EA93260}.Debug|Any CPU.Build.0 = Debug|Any CPU
		{1FC6C3FA-A739-4B23-ACB3-E8C82EA93260}.Release|Any CPU.ActiveCfg = Release|Any CPU
		{1FC6C3FA-A739-4B23-ACB3-E8C82EA93260}.Release|Any CPU.Build.0 = Release|Any CPU
	EndGlobalSection
	GlobalSection(SolutionProperties) = preSolution
		HideSolutionNode = FALSE
	EndGlobalSection
	GlobalSection(ExtensibilityGlobals) = postSolution
		SolutionGuid = {24B132E4-B3AF-4E64-AFBD-1B25A7B9D90A}
	EndGlobalSection
EndGlobal
